
Microsoft Visual Studio Solution File, Format Version 12.00
# Visual Studio Version 16
VisualStudioVersion = 16.0.33130.400
MinimumVisualStudioVersion = 10.0.40219.1
Project("{FAE04EC0-301F-11D3-BF4B-00C04F79EFBC}") = "Ucak_Bilet_Rezervasyon_Sistemi", "Ucak_Bilet_Rezervasyon_Sistemi\Ucak_Bilet_Rezervasyon_Sistemi.csproj", "{C0A8E548-32E6-47F4-8748-A4929376CE2F}"
EndProject
Global
	GlobalSection(SolutionConfigurationPlatforms) = preSolution
		Debug|Any CPU = Debug|Any CPU
		Release|Any CPU = Release|Any CPU
	EndGlobalSection
	GlobalSection(ProjectConfigurationPlatforms) = postSolution
		{C0A8E548-32E6-47F4-8748-A4929376CE2F}.Debug|Any CPU.ActiveCfg = Debug|Any CPU
		{C0A8E548-32E6-47F4-8748-A4929376CE2F}.Debug|Any CPU.Build.0 = Debug|Any CPU
		{C0A8E548-32E6-47F4-8748-A4929376CE2F}.Release|Any CPU.ActiveCfg = Release|Any CPU
		{C0A8E548-32E6-47F4-8748-A4929376CE2F}.Release|Any CPU.Build.0 = Release|Any CPU
	EndGlobalSection
	GlobalSection(SolutionProperties) = preSolution
		HideSolutionNode = FALSE
	EndGlobalSection
	GlobalSection(ExtensibilityGlobals) = postSolution
		SolutionGuid = {4BBC31F8-AF7C-4E9E-AE77-598CFB4BBAF2}
	EndGlobalSection
EndGlobal
